
Microsoft Visual Studio Solution File, Format Version 12.00
# Visual Studio Version 17
VisualStudioVersion = 17.14.37614.0 d17.14
MinimumVisualStudioVersion = 10.0.40219.1
Project("{8BC9CEB8-8B4A-11D0-8D11-00A0C91BC942}") = "Engine", "Engine\Engine.vcxproj", "{E36152EB-4A1F-4F9E-B44E-3E4E72A50AE4}"
EndProject
Project("{8BC9CEB8-8B4A-11D0-8D11-00A0C91BC942}") = "Sandbox", "Sandbox\Sandbox.vcxproj", "{40324A1A-C717-492B-A35A-77F76A59BBE4}"
EndProject
Global
	GlobalSection(SolutionConfigurationPlatforms) = preSolution
		Debug|x64 = Debug|x64
		Debug|x86 = Debug|x86
		Release|x64 = Release|x64
		Release|x86 = Release|x86
	EndGlobalSection
	GlobalSection(ProjectConfigurationPlatforms) = postSolution
		{E36152EB-4A1F-4F9E-B44E-3E4E72A50AE4}.Debug|x64.ActiveCfg = Debug|x64
		{E36152EB-4A1F-4F9E-B44E-3E4E72A50AE4}.Debug|x64.Build.0 = Debug|x64
		{E36152EB-4A1F-4F9E-B44E-3E4E72A50AE4}.Debug|x86.ActiveCfg = Debug|Win32
		{E36152EB-4A1F-4F9E-B44E-3E4E72A50AE4}.Debug|x86.Build.0 = Debug|Win32
		{E36152EB-4A1F-4F9E-B44E-3E4E72A50AE4}.Release|x64.ActiveCfg = Release|x64
		{E36152EB-4A1F-4F9E-B44E-3E4E72A50AE4}.Release|x64.Build.0 = Release|x64
		{E36152EB-4A1F-4F9E-B44E-3E4E72A50AE4}.Release|x86.ActiveCfg = Release|Win32
		{E36152EB-4A1F-4F9E-B44E-3E4E72A50AE4}.Release|x86.Build.0 = Release|Win32
		{40324A1A-C717-492B-A35A-77F76A59BBE4}.Debug|x64.ActiveCfg = Debug|x64
		{40324A1A-C717-492B-A35A-77F76A59BBE4}.Debug|x64.Build.0 = Debug|x64
		{40324A1A-C717-492B-A35A-77F76A59BBE4}.Debug|x86.ActiveCfg = Debug|Win32
		{40324A1A-C717-492B-A35A-77F76A59BBE4}.Debug|x86.Build.0 = Debug|Win32
		{40324A1A-C717-492B-A35A-77F76A59BBE4}.Release|x64.ActiveCfg = Release|x64
		{40324A1A-C717-492B-A35A-77F76A59BBE4}.Release|x64.Build.0 = Release|x64
		{40324A1A-C717-492B-A35A-77F76A59BBE4}.Release|x86.ActiveCfg = Release|Win32
		{40324A1A-C717-492B-A35A-77F76A59BBE4}.Release|x86.Build.0 = Release|Win32
	EndGlobalSection
	GlobalSection(SolutionProperties) = preSolution
		HideSolutionNode = FALSE
	EndGlobalSection
	GlobalSection(ExtensibilityGlobals) = postSolution
		SolutionGuid = {ECD2FCDA-02E5-42F5-8567-EFBE6705EA0E}
	EndGlobalSection
EndGlobal
